
Microsoft Visual Studio Solution File, Format Version 12.00
# Visual Studio Version 17
VisualStudioVersion = 17.14.36221.1 d17.14
MinimumVisualStudioVersion = 10.0.40219.1
Project("{FAE04EC0-301F-11D3-BF4B-00C04F79EFBC}") = "WulaFallenEmpire", "WulaFallenEmpire.csproj", "{F5AE8C3B-0221-4C16-A128-9A62D521A8FF}"
EndProject
Global
	GlobalSection(SolutionConfigurationPlatforms) = preSolution
		Debug|Any CPU = Debug|Any CPU
		Release|Any CPU = Release|Any CPU
	EndGlobalSection
	GlobalSection(ProjectConfigurationPlatforms) = postSolution
		{F5AE8C3B-0221-4C16-A128-9A62D521A8FF}.Debug|Any CPU.ActiveCfg = Debug|Any CPU
		{F5AE8C3B-0221-4C16-A128-9A62D521A8FF}.Debug|Any CPU.Build.0 = Debug|Any CPU
		{F5AE8C3B-0221-4C16-A128-9A62D521A8FF}.Release|Any CPU.ActiveCfg = Release|Any CPU
		{F5AE8C3B-0221-4C16-A128-9A62D521A8FF}.Release|Any CPU.Build.0 = Release|Any CPU
	EndGlobalSection
	GlobalSection(SolutionProperties) = preSolution
		HideSolutionNode = FALSE
	EndGlobalSection
	GlobalSection(ExtensibilityGlobals) = postSolution
		SolutionGuid = {52F3FA94-727D-42B6-97C5-DC6EB20F6233}
	EndGlobalSection
EndGlobal
